{
  "name": "imng-kendo-grid-odata",
  "version": "0.0.2",
  "lockfileVersion": 1,
  "requires": true,
  "dependencies": {
    "@ngrx/store": {
      "version": "8.0.1",
      "resolved": "https://registry.npmjs.org/@ngrx/store/-/store-8.0.1.tgz",
      "integrity": "sha512-B6HY8TCFZ4+bUfJAJatF42+F33Qboo7zKc+gxTi6eEioKvNqWkb22K4De5HV2j/l/blXvMOPMSO1Rf/sGqID0w=="
    }
  }
}
